// !$*UTF8*$!
{
	archiveVersion = 1;
	classes = {
	};
	objectVersion = 46;
	objects = {

/* Begin PBXBuildFile section */
		5640242259F4A494688A9C1A /* libPods-CardReminderTests.a in Frameworks */ = {isa = PBXBuildFile; fileRef = FD86D46AE2E48D79F71F1039 /* libPods-CardReminderTests.a */; };
		A7CE2B3DA69635F31BF638DF /* libPods-CardReminder.a in Frameworks */ = {isa = PBXBuildFile; fileRef = FA11913EDFF27EC26D28DCF9 /* libPods-CardReminder.a */; };
		C10CF4B51EB098A500926C99 /* UIViewController+CRVCAop.m in Sources */ = {isa = PBXBuildFile; fileRef = C10CF4B41EB098A500926C99 /* UIViewController+CRVCAop.m */; };
		C10CF4BE1EB0A25700926C99 /* CRCardViewController.xib in Resources */ = {isa = PBXBuildFile; fileRef = C10CF4BD1EB0A25700926C99 /* CRCardViewController.xib */; };
		C1A0D43E1EB32FBC0052B9E2 /* CRCardListViewController.m in Sources */ = {isa = PBXBuildFile; fileRef = C1A0D43C1EB32FBC0052B9E2 /* CRCardListViewController.m */; };
		C1A0D43F1EB32FBC0052B9E2 /* CRCardListViewController.xib in Resources */ = {isa = PBXBuildFile; fileRef = C1A0D43D1EB32FBC0052B9E2 /* CRCardListViewController.xib */; };
		C1A0D4441EB3309B0052B9E2 /* CRCardTableViewCell.m in Sources */ = {isa = PBXBuildFile; fileRef = C1A0D4421EB3309B0052B9E2 /* CRCardTableViewCell.m */; };
		C1A0D4451EB3309B0052B9E2 /* CRCardTableViewCell.xib in Resources */ = {isa = PBXBuildFile; fileRef = C1A0D4431EB3309B0052B9E2 /* CRCardTableViewCell.xib */; };
		C1D161731EB82C9100BB392F /* CRCardTableHeaderView.m in Sources */ = {isa = PBXBuildFile; fileRef = C1D161721EB82C9100BB392F /* CRCardTableHeaderView.m */; };
		C1DF256D1EAEF58800666229 /* main.m in Sources */ = {isa = PBXBuildFile; fileRef = C1DF256C1EAEF58800666229 /* main.m */; };
		C1DF25701EAEF58800666229 /* AppDelegate.m in Sources */ = {isa = PBXBuildFile; fileRef = C1DF256F1EAEF58800666229 /* AppDelegate.m */; };
		C1DF25761EAEF58800666229 /* SecondViewController.m in Sources */ = {isa = PBXBuildFile; fileRef = C1DF25751EAEF58800666229 /* SecondViewController.m */; };
		C1DF25791EAEF58800666229 /* Main.storyboard in Resources */ = {isa = PBXBuildFile; fileRef = C1DF25771EAEF58800666229 /* Main.storyboard */; };
		C1DF257B1EAEF58800666229 /* Assets.xcassets in Resources */ = {isa = PBXBuildFile; fileRef = C1DF257A1EAEF58800666229 /* Assets.xcassets */; };
		C1DF257E1EAEF58800666229 /* LaunchScreen.storyboard in Resources */ = {isa = PBXBuildFile; fileRef = C1DF257C1EAEF58800666229 /* LaunchScreen.storyboard */; };
		C1DF25891EAEF58800666229 /* CardReminderTests.m in Sources */ = {isa = PBXBuildFile; fileRef = C1DF25881EAEF58800666229 /* CardReminderTests.m */; };
		C1DF25951EAEF99700666229 /* CRLoginViewController.m in Sources */ = {isa = PBXBuildFile; fileRef = C1DF25941EAEF99700666229 /* CRLoginViewController.m */; };
		C1DF259B1EAF03B200666229 /* CRMainTabViewController.m in Sources */ = {isa = PBXBuildFile; fileRef = C1DF259A1EAF03B200666229 /* CRMainTabViewController.m */; };
		C1DF259F1EAF206C00666229 /* CRUser.m in Sources */ = {isa = PBXBuildFile; fileRef = C1DF259E1EAF206C00666229 /* CRUser.m */; };
		C1DF25A81EAF263300666229 /* CRTextCardView.m in Sources */ = {isa = PBXBuildFile; fileRef = C1DF25A71EAF263300666229 /* CRTextCardView.m */; };
		C1DF25AB1EAF271F00666229 /* CRCardViewController.m in Sources */ = {isa = PBXBuildFile; fileRef = C1DF25AA1EAF271F00666229 /* CRCardViewController.m */; };
		C1DF25AE1EAF28AA00666229 /* CRWebCardView.m in Sources */ = {isa = PBXBuildFile; fileRef = C1DF25AD1EAF28AA00666229 /* CRWebCardView.m */; };
		C1DF25B11EAF2DA200666229 /* CRBaseCardView.m in Sources */ = {isa = PBXBuildFile; fileRef = C1DF25B01EAF2DA200666229 /* CRBaseCardView.m */; };
		C1DF25B41EAF319500666229 /* CRCardModel.m in Sources */ = {isa = PBXBuildFile; fileRef = C1DF25B31EAF319500666229 /* CRCardModel.m */; };
		C1DF25BF1EAF613D00666229 /* CRFlashViewController.m in Sources */ = {isa = PBXBuildFile; fileRef = C1DF25BE1EAF613D00666229 /* CRFlashViewController.m */; };
		C1DF25C21EAF62F000666229 /* CRUserMananger.m in Sources */ = {isa = PBXBuildFile; fileRef = C1DF25C11EAF62F000666229 /* CRUserMananger.m */; };
		C1DF25C51EAF665B00666229 /* CRCardMananger.m in Sources */ = {isa = PBXBuildFile; fileRef = C1DF25C41EAF665B00666229 /* CRCardMananger.m */; };
/* End PBXBuildFile section */

/* Begin PBXContainerItemProxy section */
		C1DF25851EAEF58800666229 /* PBXContainerItemProxy */ = {
			isa = PBXContainerItemProxy;
			containerPortal = C1DF25601EAEF58800666229 /* Project object */;
			proxyType = 1;
			remoteGlobalIDString = C1DF25671EAEF58800666229;
			remoteInfo = CardReminder;
		};
/* End PBXContainerItemProxy section */

/* Begin PBXFileReference section */
		52A11B5E94B8174911BA6C0E /* Pods-CardReminder.release.xcconfig */ = {isa = PBXFileReference; includeInIndex = 1; lastKnownFileType = text.xcconfig; name = "Pods-CardReminder.release.xcconfig"; path = "Pods/Target Support Files/Pods-CardReminder/Pods-CardReminder.release.xcconfig"; sourceTree = "<group>"; };
		9A0F22C18426A4110658B808 /* Pods-CardReminderTests.debug.xcconfig */ = {isa = PBXFileReference; includeInIndex = 1; lastKnownFileType = text.xcconfig; name = "Pods-CardReminderTests.debug.xcconfig"; path = "Pods/Target Support Files/Pods-CardReminderTests/Pods-CardReminderTests.debug.xcconfig"; sourceTree = "<group>"; };
		ABA7006ED145F6ACBBE90734 /* Pods-CardReminderTests.release.xcconfig */ = {isa = PBXFileReference; includeInIndex = 1; lastKnownFileType = text.xcconfig; name = "Pods-CardReminderTests.release.xcconfig"; path = "Pods/Target Support Files/Pods-CardReminderTests/Pods-CardReminderTests.release.xcconfig"; sourceTree = "<group>"; };
		C10CF4B31EB098A500926C99 /* UIViewController+CRVCAop.h */ = {isa = PBXFileReference; fileEncoding = 4; lastKnownFileType = sourcecode.c.h; path = "UIViewController+CRVCAop.h"; sourceTree = "<group>"; };
		C10CF4B41EB098A500926C99 /* UIViewController+CRVCAop.m */ = {isa = PBXFileReference; fileEncoding = 4; lastKnownFileType = sourcecode.c.objc; path = "UIViewController+CRVCAop.m"; sourceTree = "<group>"; };
		C10CF4BD1EB0A25700926C99 /* CRCardViewController.xib */ = {isa = PBXFileReference; fileEncoding = 4; lastKnownFileType = file.xib; path = CRCardViewController.xib; sourceTree = "<group>"; };
		C1A0D43B1EB32FBC0052B9E2 /* CRCardListViewController.h */ = {isa = PBXFileReference; fileEncoding = 4; lastKnownFileType = sourcecode.c.h; path = CRCardListViewController.h; sourceTree = "<group>"; };
		C1A0D43C1EB32FBC0052B9E2 /* CRCardListViewController.m */ = {isa = PBXFileReference; fileEncoding = 4; lastKnownFileType = sourcecode.c.objc; path = CRCardListViewController.m; sourceTree = "<group>"; };
		C1A0D43D1EB32FBC0052B9E2 /* CRCardListViewController.xib */ = {isa = PBXFileReference; fileEncoding = 4; lastKnownFileType = file.xib; path = CRCardListViewController.xib; sourceTree = "<group>"; };
		C1A0D4411EB3309B0052B9E2 /* CRCardTableViewCell.h */ = {isa = PBXFileReference; fileEncoding = 4; lastKnownFileType = sourcecode.c.h; name = CRCardTableViewCell.h; path = View/CRCardTableViewCell.h; sourceTree = "<group>"; };
		C1A0D4421EB3309B0052B9E2 /* CRCardTableViewCell.m */ = {isa = PBXFileReference; fileEncoding = 4; lastKnownFileType = sourcecode.c.objc; name = CRCardTableViewCell.m; path = View/CRCardTableViewCell.m; sourceTree = "<group>"; };
		C1A0D4431EB3309B0052B9E2 /* CRCardTableViewCell.xib */ = {isa = PBXFileReference; fileEncoding = 4; lastKnownFileType = file.xib; name = CRCardTableViewCell.xib; path = View/CRCardTableViewCell.xib; sourceTree = "<group>"; };
		C1D161711EB82C9100BB392F /* CRCardTableHeaderView.h */ = {isa = PBXFileReference; fileEncoding = 4; lastKnownFileType = sourcecode.c.h; name = CRCardTableHeaderView.h; path = View/CRCardTableHeaderView.h; sourceTree = "<group>"; };
		C1D161721EB82C9100BB392F /* CRCardTableHeaderView.m */ = {isa = PBXFileReference; fileEncoding = 4; lastKnownFileType = sourcecode.c.objc; name = CRCardTableHeaderView.m; path = View/CRCardTableHeaderView.m; sourceTree = "<group>"; };
		C1DF25681EAEF58800666229 /* CardReminder.app */ = {isa = PBXFileReference; explicitFileType = wrapper.application; includeInIndex = 0; path = CardReminder.app; sourceTree = BUILT_PRODUCTS_DIR; };
		C1DF256C1EAEF58800666229 /* main.m */ = {isa = PBXFileReference; lastKnownFileType = sourcecode.c.objc; path = main.m; sourceTree = "<group>"; };
		C1DF256E1EAEF58800666229 /* AppDelegate.h */ = {isa = PBXFileReference; lastKnownFileType = sourcecode.c.h; path = AppDelegate.h; sourceTree = "<group>"; };
		C1DF256F1EAEF58800666229 /* AppDelegate.m */ = {isa = PBXFileReference; lastKnownFileType = sourcecode.c.objc; path = AppDelegate.m; sourceTree = "<group>"; };
		C1DF25741EAEF58800666229 /* SecondViewController.h */ = {isa = PBXFileReference; lastKnownFileType = sourcecode.c.h; path = SecondViewController.h; sourceTree = "<group>"; };
		C1DF25751EAEF58800666229 /* SecondViewController.m */ = {isa = PBXFileReference; lastKnownFileType = sourcecode.c.objc; path = SecondViewController.m; sourceTree = "<group>"; };
		C1DF25781EAEF58800666229 /* Base */ = {isa = PBXFileReference; lastKnownFileType = file.storyboard; name = Base; path = Base.lproj/Main.storyboard; sourceTree = "<group>"; };
		C1DF257A1EAEF58800666229 /* Assets.xcassets */ = {isa = PBXFileReference; lastKnownFileType = folder.assetcatalog; path = Assets.xcassets; sourceTree = "<group>"; };
		C1DF257D1EAEF58800666229 /* Base */ = {isa = PBXFileReference; lastKnownFileType = file.storyboard; name = Base; path = Base.lproj/LaunchScreen.storyboard; sourceTree = "<group>"; };
		C1DF257F1EAEF58800666229 /* Info.plist */ = {isa = PBXFileReference; lastKnownFileType = text.plist.xml; path = Info.plist; sourceTree = "<group>"; };
		C1DF25841EAEF58800666229 /* CardReminderTests.xctest */ = {isa = PBXFileReference; explicitFileType = wrapper.cfbundle; includeInIndex = 0; path = CardReminderTests.xctest; sourceTree = BUILT_PRODUCTS_DIR; };
		C1DF25881EAEF58800666229 /* CardReminderTests.m */ = {isa = PBXFileReference; lastKnownFileType = sourcecode.c.objc; path = CardReminderTests.m; sourceTree = "<group>"; };
		C1DF258A1EAEF58800666229 /* Info.plist */ = {isa = PBXFileReference; lastKnownFileType = text.plist.xml; path = Info.plist; sourceTree = "<group>"; };
		C1DF25931EAEF99700666229 /* CRLoginViewController.h */ = {isa = PBXFileReference; fileEncoding = 4; lastKnownFileType = sourcecode.c.h; path = CRLoginViewController.h; sourceTree = "<group>"; };
		C1DF25941EAEF99700666229 /* CRLoginViewController.m */ = {isa = PBXFileReference; fileEncoding = 4; lastKnownFileType = sourcecode.c.objc; path = CRLoginViewController.m; sourceTree = "<group>"; };
		C1DF25961EAEFA3800666229 /* CardReminder-Prefix.pch */ = {isa = PBXFileReference; lastKnownFileType = sourcecode.c.h; name = "CardReminder-Prefix.pch"; path = "CardReminder/CardReminder-Prefix.pch"; sourceTree = "<group>"; };
		C1DF25971EAEFACB00666229 /* GlobalMarcro.h */ = {isa = PBXFileReference; lastKnownFileType = sourcecode.c.h; path = GlobalMarcro.h; sourceTree = "<group>"; };
		C1DF25981EAF014200666229 /* Config.h */ = {isa = PBXFileReference; lastKnownFileType = sourcecode.c.h; path = Config.h; sourceTree = "<group>"; };
		C1DF25991EAF03B200666229 /* CRMainTabViewController.h */ = {isa = PBXFileReference; fileEncoding = 4; lastKnownFileType = sourcecode.c.h; path = CRMainTabViewController.h; sourceTree = "<group>"; };
		C1DF259A1EAF03B200666229 /* CRMainTabViewController.m */ = {isa = PBXFileReference; fileEncoding = 4; lastKnownFileType = sourcecode.c.objc; path = CRMainTabViewController.m; sourceTree = "<group>"; };
		C1DF259D1EAF206C00666229 /* CRUser.h */ = {isa = PBXFileReference; fileEncoding = 4; lastKnownFileType = sourcecode.c.h; name = CRUser.h; path = Model/CRUser.h; sourceTree = "<group>"; };
		C1DF259E1EAF206C00666229 /* CRUser.m */ = {isa = PBXFileReference; fileEncoding = 4; lastKnownFileType = sourcecode.c.objc; name = CRUser.m; path = Model/CRUser.m; sourceTree = "<group>"; };
		C1DF25A61EAF263300666229 /* CRTextCardView.h */ = {isa = PBXFileReference; fileEncoding = 4; lastKnownFileType = sourcecode.c.h; name = CRTextCardView.h; path = View/CRTextCardView.h; sourceTree = "<group>"; };
		C1DF25A71EAF263300666229 /* CRTextCardView.m */ = {isa = PBXFileReference; fileEncoding = 4; lastKnownFileType = sourcecode.c.objc; name = CRTextCardView.m; path = View/CRTextCardView.m; sourceTree = "<group>"; };
		C1DF25A91EAF271F00666229 /* CRCardViewController.h */ = {isa = PBXFileReference; fileEncoding = 4; lastKnownFileType = sourcecode.c.h; path = CRCardViewController.h; sourceTree = "<group>"; };
		C1DF25AA1EAF271F00666229 /* CRCardViewController.m */ = {isa = PBXFileReference; fileEncoding = 4; lastKnownFileType = sourcecode.c.objc; path = CRCardViewController.m; sourceTree = "<group>"; };
		C1DF25AC1EAF28AA00666229 /* CRWebCardView.h */ = {isa = PBXFileReference; fileEncoding = 4; lastKnownFileType = sourcecode.c.h; name = CRWebCardView.h; path = View/CRWebCardView.h; sourceTree = "<group>"; };
		C1DF25AD1EAF28AA00666229 /* CRWebCardView.m */ = {isa = PBXFileReference; fileEncoding = 4; lastKnownFileType = sourcecode.c.objc; name = CRWebCardView.m; path = View/CRWebCardView.m; sourceTree = "<group>"; };
		C1DF25AF1EAF2DA200666229 /* CRBaseCardView.h */ = {isa = PBXFileReference; fileEncoding = 4; lastKnownFileType = sourcecode.c.h; name = CRBaseCardView.h; path = View/CRBaseCardView.h; sourceTree = "<group>"; };
		C1DF25B01EAF2DA200666229 /* CRBaseCardView.m */ = {isa = PBXFileReference; fileEncoding = 4; lastKnownFileType = sourcecode.c.objc; name = CRBaseCardView.m; path = View/CRBaseCardView.m; sourceTree = "<group>"; };
		C1DF25B21EAF319500666229 /* CRCardModel.h */ = {isa = PBXFileReference; fileEncoding = 4; lastKnownFileType = sourcecode.c.h; name = CRCardModel.h; path = Model/CRCardModel.h; sourceTree = "<group>"; };
		C1DF25B31EAF319500666229 /* CRCardModel.m */ = {isa = PBXFileReference; fileEncoding = 4; lastKnownFileType = sourcecode.c.objc; name = CRCardModel.m; path = Model/CRCardModel.m; sourceTree = "<group>"; };
		C1DF25BD1EAF613D00666229 /* CRFlashViewController.h */ = {isa = PBXFileReference; fileEncoding = 4; lastKnownFileType = sourcecode.c.h; path = CRFlashViewController.h; sourceTree = "<group>"; };
		C1DF25BE1EAF613D00666229 /* CRFlashViewController.m */ = {isa = PBXFileReference; fileEncoding = 4; lastKnownFileType = sourcecode.c.objc; path = CRFlashViewController.m; sourceTree = "<group>"; };
		C1DF25C01EAF62F000666229 /* CRUserMananger.h */ = {isa = PBXFileReference; fileEncoding = 4; lastKnownFileType = sourcecode.c.h; path = CRUserMananger.h; sourceTree = "<group>"; };
		C1DF25C11EAF62F000666229 /* CRUserMananger.m */ = {isa = PBXFileReference; fileEncoding = 4; lastKnownFileType = sourcecode.c.objc; path = CRUserMananger.m; sourceTree = "<group>"; };
		C1DF25C31EAF665B00666229 /* CRCardMananger.h */ = {isa = PBXFileReference; fileEncoding = 4; lastKnownFileType = sourcecode.c.h; path = CRCardMananger.h; sourceTree = "<group>"; };
		C1DF25C41EAF665B00666229 /* CRCardMananger.m */ = {isa = PBXFileReference; fileEncoding = 4; lastKnownFileType = sourcecode.c.objc; path = CRCardMananger.m; sourceTree = "<group>"; };
		CA1017E964E98F0288553331 /* Pods-CardReminder.debug.xcconfig */ = {isa = PBXFileReference; includeInIndex = 1; lastKnownFileType = text.xcconfig; name = "Pods-CardReminder.debug.xcconfig"; path = "Pods/Target Support Files/Pods-CardReminder/Pods-CardReminder.debug.xcconfig"; sourceTree = "<group>"; };
		FA11913EDFF27EC26D28DCF9 /* libPods-CardReminder.a */ = {isa = PBXFileReference; explicitFileType = archive.ar; includeInIndex = 0; path = "libPods-CardReminder.a"; sourceTree = BUILT_PRODUCTS_DIR; };
		FD86D46AE2E48D79F71F1039 /* libPods-CardReminderTests.a */ = {isa = PBXFileReference; explicitFileType = archive.ar; includeInIndex = 0; path = "libPods-CardReminderTests.a"; sourceTree = BUILT_PRODUCTS_DIR; };
/* End PBXFileReference section */

/* Begin PBXFrameworksBuildPhase section */
		C1DF25651EAEF58800666229 /* Frameworks */ = {
			isa = PBXFrameworksBuildPhase;
			buildActionMask = 2147483647;
			files = (
				A7CE2B3DA69635F31BF638DF /* libPods-CardReminder.a in Frameworks */,
			);
			runOnlyForDeploymentPostprocessing = 0;
		};
		C1DF25811EAEF58800666229 /* Frameworks */ = {
			isa = PBXFrameworksBuildPhase;
			buildActionMask = 2147483647;
			files = (
				5640242259F4A494688A9C1A /* libPods-CardReminderTests.a in Frameworks */,
			);
			runOnlyForDeploymentPostprocessing = 0;
		};
/* End PBXFrameworksBuildPhase section */

/* Begin PBXGroup section */
		144EF2A8084DF0301051121D /* Pods */ = {
			isa = PBXGroup;
			children = (
				CA1017E964E98F0288553331 /* Pods-CardReminder.debug.xcconfig */,
				52A11B5E94B8174911BA6C0E /* Pods-CardReminder.release.xcconfig */,
				9A0F22C18426A4110658B808 /* Pods-CardReminderTests.debug.xcconfig */,
				ABA7006ED145F6ACBBE90734 /* Pods-CardReminderTests.release.xcconfig */,
			);
			name = Pods;
			sourceTree = "<group>";
		};
		4254768BDDC8F64A618C272C /* Frameworks */ = {
			isa = PBXGroup;
			children = (
				FA11913EDFF27EC26D28DCF9 /* libPods-CardReminder.a */,
				FD86D46AE2E48D79F71F1039 /* libPods-CardReminderTests.a */,
			);
			name = Frameworks;
			sourceTree = "<group>";
		};
		C1A0D4391EB32FBC0052B9E2 /* CardList */ = {
			isa = PBXGroup;
			children = (
				C1A0D4401EB330690052B9E2 /* View */,
				C1A0D43A1EB32FBC0052B9E2 /* Controller */,
			);
			path = CardList;
			sourceTree = "<group>";
		};
		C1A0D43A1EB32FBC0052B9E2 /* Controller */ = {
			isa = PBXGroup;
			children = (
				C1A0D43B1EB32FBC0052B9E2 /* CRCardListViewController.h */,
				C1A0D43C1EB32FBC0052B9E2 /* CRCardListViewController.m */,
				C1A0D43D1EB32FBC0052B9E2 /* CRCardListViewController.xib */,
			);
			path = Controller;
			sourceTree = "<group>";
		};
		C1A0D4401EB330690052B9E2 /* View */ = {
			isa = PBXGroup;
			children = (
				C1A0D4411EB3309B0052B9E2 /* CRCardTableViewCell.h */,
				C1A0D4421EB3309B0052B9E2 /* CRCardTableViewCell.m */,
				C1A0D4431EB3309B0052B9E2 /* CRCardTableViewCell.xib */,
				C1D161711EB82C9100BB392F /* CRCardTableHeaderView.h */,
				C1D161721EB82C9100BB392F /* CRCardTableHeaderView.m */,
			);
			name = View;
			sourceTree = "<group>";
		};
		C1DF255F1EAEF58800666229 = {
			isa = PBXGroup;
			children = (
				C1DF25961EAEFA3800666229 /* CardReminder-Prefix.pch */,
				C1DF256A1EAEF58800666229 /* CardReminder */,
				C1DF25871EAEF58800666229 /* CardReminderTests */,
				C1DF25691EAEF58800666229 /* Products */,
				144EF2A8084DF0301051121D /* Pods */,
				4254768BDDC8F64A618C272C /* Frameworks */,
			);
			sourceTree = "<group>";
		};
		C1DF25691EAEF58800666229 /* Products */ = {
			isa = PBXGroup;
			children = (
				C1DF25681EAEF58800666229 /* CardReminder.app */,
				C1DF25841EAEF58800666229 /* CardReminderTests.xctest */,
			);
			name = Products;
			sourceTree = "<group>";
		};
		C1DF256A1EAEF58800666229 /* CardReminder */ = {
			isa = PBXGroup;
			children = (
				C1DF25971EAEFACB00666229 /* GlobalMarcro.h */,
				C1DF256E1EAEF58800666229 /* AppDelegate.h */,
				C1DF256F1EAEF58800666229 /* AppDelegate.m */,
				C1DF25741EAEF58800666229 /* SecondViewController.h */,
				C1DF25751EAEF58800666229 /* SecondViewController.m */,
				C1DF259C1EAF03D900666229 /* Class */,
				C1DF25771EAEF58800666229 /* Main.storyboard */,
				C1DF257A1EAEF58800666229 /* Assets.xcassets */,
				C1DF257C1EAEF58800666229 /* LaunchScreen.storyboard */,
				C1DF257F1EAEF58800666229 /* Info.plist */,
				C1DF256B1EAEF58800666229 /* Supporting Files */,
				C1DF25981EAF014200666229 /* Config.h */,
				C10CF4B31EB098A500926C99 /* UIViewController+CRVCAop.h */,
				C10CF4B41EB098A500926C99 /* UIViewController+CRVCAop.m */,
			);
			path = CardReminder;
			sourceTree = "<group>";
		};
		C1DF256B1EAEF58800666229 /* Supporting Files */ = {
			isa = PBXGroup;
			children = (
				C1DF256C1EAEF58800666229 /* main.m */,
			);
			name = "Supporting Files";
			sourceTree = "<group>";
		};
		C1DF25871EAEF58800666229 /* CardReminderTests */ = {
			isa = PBXGroup;
			children = (
				C1DF25881EAEF58800666229 /* CardReminderTests.m */,
				C1DF258A1EAEF58800666229 /* Info.plist */,
			);
			path = CardReminderTests;
			sourceTree = "<group>";
		};
		C1DF259C1EAF03D900666229 /* Class */ = {
			isa = PBXGroup;
			children = (
				C1A0D4391EB32FBC0052B9E2 /* CardList */,
				C1DF25BC1EAF60D700666229 /* Flash */,
				C1DF25B91EAF609E00666229 /* CardView */,
				C1DF25BB1EAF60CB00666229 /* Login */,
				C1DF25991EAF03B200666229 /* CRMainTabViewController.h */,
				C1DF259A1EAF03B200666229 /* CRMainTabViewController.m */,
				C1DF25C01EAF62F000666229 /* CRUserMananger.h */,
				C1DF25C11EAF62F000666229 /* CRUserMananger.m */,
				C1DF25C31EAF665B00666229 /* CRCardMananger.h */,
				C1DF25C41EAF665B00666229 /* CRCardMananger.m */,
				C1DF259D1EAF206C00666229 /* CRUser.h */,
				C1DF259E1EAF206C00666229 /* CRUser.m */,
			);
			name = Class;
			sourceTree = "<group>";
		};
		C1DF25A01EAF207000666229 /* Model */ = {
			isa = PBXGroup;
			children = (
				C1DF25B21EAF319500666229 /* CRCardModel.h */,
				C1DF25B31EAF319500666229 /* CRCardModel.m */,
			);
			name = Model;
			sourceTree = "<group>";
		};
		C1DF25A41EAF23E800666229 /* View */ = {
			isa = PBXGroup;
			children = (
				C1DF25A61EAF263300666229 /* CRTextCardView.h */,
				C1DF25A71EAF263300666229 /* CRTextCardView.m */,
				C1DF25AC1EAF28AA00666229 /* CRWebCardView.h */,
				C1DF25AD1EAF28AA00666229 /* CRWebCardView.m */,
				C1DF25AF1EAF2DA200666229 /* CRBaseCardView.h */,
				C1DF25B01EAF2DA200666229 /* CRBaseCardView.m */,
			);
			name = View;
			sourceTree = "<group>";
		};
		C1DF25B81EAF609200666229 /* Controller */ = {
			isa = PBXGroup;
			children = (
				C1DF25A91EAF271F00666229 /* CRCardViewController.h */,
				C1DF25AA1EAF271F00666229 /* CRCardViewController.m */,
				C10CF4BD1EB0A25700926C99 /* CRCardViewController.xib */,
			);
			name = Controller;
			sourceTree = "<group>";
		};
		C1DF25B91EAF609E00666229 /* CardView */ = {
			isa = PBXGroup;
			children = (
				C1DF25A41EAF23E800666229 /* View */,
				C1DF25A01EAF207000666229 /* Model */,
				C1DF25B81EAF609200666229 /* Controller */,
			);
			name = CardView;
			sourceTree = "<group>";
		};
		C1DF25BA1EAF60C200666229 /* Controller */ = {
			isa = PBXGroup;
			children = (
				C1DF25931EAEF99700666229 /* CRLoginViewController.h */,
				C1DF25941EAEF99700666229 /* CRLoginViewController.m */,
			);
			name = Controller;
			sourceTree = "<group>";
		};
		C1DF25BB1EAF60CB00666229 /* Login */ = {
			isa = PBXGroup;
			children = (
				C1DF25BA1EAF60C200666229 /* Controller */,
			);
			name = Login;
			sourceTree = "<group>";
		};
		C1DF25BC1EAF60D700666229 /* Flash */ = {
			isa = PBXGroup;
			children = (
				C1DF25BD1EAF613D00666229 /* CRFlashViewController.h */,
				C1DF25BE1EAF613D00666229 /* CRFlashViewController.m */,
			);
			name = Flash;
			sourceTree = "<group>";
		};
/* End PBXGroup section */

/* Begin PBXNativeTarget section */
		C1DF25671EAEF58800666229 /* CardReminder */ = {
			isa = PBXNativeTarget;
			buildConfigurationList = C1DF258D1EAEF58800666229 /* Build configuration list for PBXNativeTarget "CardReminder" */;
			buildPhases = (
				AE8F3D7869172954D856AF55 /* [CP] Check Pods Manifest.lock */,
				C1DF25641EAEF58800666229 /* Sources */,
				C1DF25651EAEF58800666229 /* Frameworks */,
				C1DF25661EAEF58800666229 /* Resources */,
				50FD7C7F49194CDA78A66FDE /* [CP] Embed Pods Frameworks */,
				DCF1990006C862A503008681 /* [CP] Copy Pods Resources */,
			);
			buildRules = (
			);
			dependencies = (
			);
			name = CardReminder;
			productName = CardReminder;
			productReference = C1DF25681EAEF58800666229 /* CardReminder.app */;
			productType = "com.apple.product-type.application";
		};
		C1DF25831EAEF58800666229 /* CardReminderTests */ = {
			isa = PBXNativeTarget;
			buildConfigurationList = C1DF25901EAEF58800666229 /* Build configuration list for PBXNativeTarget "CardReminderTests" */;
			buildPhases = (
				58A438BE5CACE0B262896AA4 /* [CP] Check Pods Manifest.lock */,
				C1DF25801EAEF58800666229 /* Sources */,
				C1DF25811EAEF58800666229 /* Frameworks */,
				C1DF25821EAEF58800666229 /* Resources */,
				48BDD9BDDBF16F5716B24C91 /* [CP] Embed Pods Frameworks */,
				AED243A1F41327FEB859B718 /* [CP] Copy Pods Resources */,
			);
			buildRules = (
			);
			dependencies = (
				C1DF25861EAEF58800666229 /* PBXTargetDependency */,
			);
			name = CardReminderTests;
			productName = CardReminderTests;
			productReference = C1DF25841EAEF58800666229 /* CardReminderTests.xctest */;
			productType = "com.apple.product-type.bundle.unit-test";
		};
/* End PBXNativeTarget section */

/* Begin PBXProject section */
		C1DF25601EAEF58800666229 /* Project object */ = {
			isa = PBXProject;
			attributes = {
				CLASSPREFIX = CR;
				LastUpgradeCheck = 0830;
				ORGANIZATIONNAME = danny;
				TargetAttributes = {
					C1DF25671EAEF58800666229 = {
						CreatedOnToolsVersion = 8.3.2;
						DevelopmentTeam = 79787S2JEP;
						ProvisioningStyle = Automatic;
					};
					C1DF25831EAEF58800666229 = {
						CreatedOnToolsVersion = 8.3.2;
						DevelopmentTeam = 79787S2JEP;
						ProvisioningStyle = Automatic;
						TestTargetID = C1DF25671EAEF58800666229;
					};
				};
			};
			buildConfigurationList = C1DF25631EAEF58800666229 /* Build configuration list for PBXProject "CardReminder" */;
			compatibilityVersion = "Xcode 3.2";
			developmentRegion = English;
			hasScannedForEncodings = 0;
			knownRegions = (
				en,
				Base,
			);
			mainGroup = C1DF255F1EAEF58800666229;
			productRefGroup = C1DF25691EAEF58800666229 /* Products */;
			projectDirPath = "";
			projectRoot = "";
			targets = (
				C1DF25671EAEF58800666229 /* CardReminder */,
				C1DF25831EAEF58800666229 /* CardReminderTests */,
			);
		};
/* End PBXProject section */

/* Begin PBXResourcesBuildPhase section */
		C1DF25661EAEF58800666229 /* Resources */ = {
			isa = PBXResourcesBuildPhase;
			buildActionMask = 2147483647;
			files = (
				C1DF257E1EAEF58800666229 /* LaunchScreen.storyboard in Resources */,
				C1DF257B1EAEF58800666229 /* Assets.xcassets in Resources */,
				C1A0D4451EB3309B0052B9E2 /* CRCardTableViewCell.xib in Resources */,
				C10CF4BE1EB0A25700926C99 /* CRCardViewController.xib in Resources */,
				C1DF25791EAEF58800666229 /* Main.storyboard in Resources */,
				C1A0D43F1EB32FBC0052B9E2 /* CRCardListViewController.xib in Resources */,
			);
			runOnlyForDeploymentPostprocessing = 0;
		};
		C1DF25821EAEF58800666229 /* Resources */ = {
			isa = PBXResourcesBuildPhase;
			buildActionMask = 2147483647;
			files = (
			);
			runOnlyForDeploymentPostprocessing = 0;
		};
/* End PBXResourcesBuildPhase section */

/* Begin PBXShellScriptBuildPhase section */
		48BDD9BDDBF16F5716B24C91 /* [CP] Embed Pods Frameworks */ = {
			isa = PBXShellScriptBuildPhase;
			buildActionMask = 2147483647;
			files = (
			);
			inputPaths = (
			);
			name = "[CP] Embed Pods Frameworks";
			outputPaths = (
			);
			runOnlyForDeploymentPostprocessing = 0;
			shellPath = /bin/sh;
			shellScript = "\"${SRCROOT}/Pods/Target Support Files/Pods-CardReminderTests/Pods-CardReminderTests-frameworks.sh\"\n";
			showEnvVarsInLog = 0;
		};
		50FD7C7F49194CDA78A66FDE /* [CP] Embed Pods Frameworks */ = {
			isa = PBXShellScriptBuildPhase;
			buildActionMask = 2147483647;
			files = (
			);
			inputPaths = (
			);
			name = "[CP] Embed Pods Frameworks";
			outputPaths = (
			);
			runOnlyForDeploymentPostprocessing = 0;
			shellPath = /bin/sh;
			shellScript = "\"${SRCROOT}/Pods/Target Support Files/Pods-CardReminder/Pods-CardReminder-frameworks.sh\"\n";
			showEnvVarsInLog = 0;
		};
		58A438BE5CACE0B262896AA4 /* [CP] Check Pods Manifest.lock */ = {
			isa = PBXShellScriptBuildPhase;
			buildActionMask = 2147483647;
			files = (
			);
			inputPaths = (
			);
			name = "[CP] Check Pods Manifest.lock";
			outputPaths = (
			);
			runOnlyForDeploymentPostprocessing = 0;
			shellPath = /bin/sh;
			shellScript = "diff \"${PODS_ROOT}/../Podfile.lock\" \"${PODS_ROOT}/Manifest.lock\" > /dev/null\nif [ $? != 0 ] ; then\n    # print error to STDERR\n    echo \"error: The sandbox is not in sync with the Podfile.lock. Run 'pod install' or update your CocoaPods installation.\" >&2\n    exit 1\nfi\n";
			showEnvVarsInLog = 0;
		};
		AE8F3D7869172954D856AF55 /* [CP] Check Pods Manifest.lock */ = {
			isa = PBXShellScriptBuildPhase;
			buildActionMask = 2147483647;
			files = (
			);
			inputPaths = (
			);
			name = "[CP] Check Pods Manifest.lock";
			outputPaths = (
			);
			runOnlyForDeploymentPostprocessing = 0;
			shellPath = /bin/sh;
			shellScript = "diff \"${PODS_ROOT}/../Podfile.lock\" \"${PODS_ROOT}/Manifest.lock\" > /dev/null\nif [ $? != 0 ] ; then\n    # print error to STDERR\n    echo \"error: The sandbox is not in sync with the Podfile.lock. Run 'pod install' or update your CocoaPods installation.\" >&2\n    exit 1\nfi\n";
			showEnvVarsInLog = 0;
		};
		AED243A1F41327FEB859B718 /* [CP] Copy Pods Resources */ = {
			isa = PBXShellScriptBuildPhase;
			buildActionMask = 2147483647;
			files = (
			);
			inputPaths = (
			);
			name = "[CP] Copy Pods Resources";
			outputPaths = (
			);
			runOnlyForDeploymentPostprocessing = 0;
			shellPath = /bin/sh;
			shellScript = "\"${SRCROOT}/Pods/Target Support Files/Pods-CardReminderTests/Pods-CardReminderTests-resources.sh\"\n";
			showEnvVarsInLog = 0;
		};
		DCF1990006C862A503008681 /* [CP] Copy Pods Resources */ = {
			isa = PBXShellScriptBuildPhase;
			buildActionMask = 2147483647;
			files = (
			);
			inputPaths = (
			);
			name = "[CP] Copy Pods Resources";
			outputPaths = (
			);
			runOnlyForDeploymentPostprocessing = 0;
			shellPath = /bin/sh;
			shellScript = "\"${SRCROOT}/Pods/Target Support Files/Pods-CardReminder/Pods-CardReminder-resources.sh\"\n";
			showEnvVarsInLog = 0;
		};
/* End PBXShellScriptBuildPhase section */

/* Begin PBXSourcesBuildPhase section */
		C1DF25641EAEF58800666229 /* Sources */ = {
			isa = PBXSourcesBuildPhase;
			buildActionMask = 2147483647;
			files = (
				C1DF259F1EAF206C00666229 /* CRUser.m in Sources */,
				C1D161731EB82C9100BB392F /* CRCardTableHeaderView.m in Sources */,
				C1DF259B1EAF03B200666229 /* CRMainTabViewController.m in Sources */,
				C1DF25B11EAF2DA200666229 /* CRBaseCardView.m in Sources */,
				C1DF25AB1EAF271F00666229 /* CRCardViewController.m in Sources */,
				C1DF25AE1EAF28AA00666229 /* CRWebCardView.m in Sources */,
				C1DF25C21EAF62F000666229 /* CRUserMananger.m in Sources */,
				C1DF25761EAEF58800666229 /* SecondViewController.m in Sources */,
				C1DF25C51EAF665B00666229 /* CRCardMananger.m in Sources */,
				C1A0D4441EB3309B0052B9E2 /* CRCardTableViewCell.m in Sources */,
				C1DF25701EAEF58800666229 /* AppDelegate.m in Sources */,
				C1DF25A81EAF263300666229 /* CRTextCardView.m in Sources */,
				C1DF25951EAEF99700666229 /* CRLoginViewController.m in Sources */,
				C10CF4B51EB098A500926C99 /* UIViewController+CRVCAop.m in Sources */,
				C1DF25B41EAF319500666229 /* CRCardModel.m in Sources */,
				C1DF25BF1EAF613D00666229 /* CRFlashViewController.m in Sources */,
				C1A0D43E1EB32FBC0052B9E2 /* CRCardListViewController.m in Sources */,
				C1DF256D1EAEF58800666229 /* main.m in Sources */,
			);
			runOnlyForDeploymentPostprocessing = 0;
		};
		C1DF25801EAEF58800666229 /* Sources */ = {
			isa = PBXSourcesBuildPhase;
			buildActionMask = 2147483647;
			files = (
				C1DF25891EAEF58800666229 /* CardReminderTests.m in Sources */,
			);
			runOnlyForDeploymentPostprocessing = 0;
		};
/* End PBXSourcesBuildPhase section */

/* Begin PBXTargetDependency section */
		C1DF25861EAEF58800666229 /* PBXTargetDependency */ = {
			isa = PBXTargetDependency;
			target = C1DF25671EAEF58800666229 /* CardReminder */;
			targetProxy = C1DF25851EAEF58800666229 /* PBXContainerItemProxy */;
		};
/* End PBXTargetDependency section */

/* Begin PBXVariantGroup section */
		C1DF25771EAEF58800666229 /* Main.storyboard */ = {
			isa = PBXVariantGroup;
			children = (
				C1DF25781EAEF58800666229 /* Base */,
			);
			name = Main.storyboard;
			sourceTree = "<group>";
		};
		C1DF257C1EAEF58800666229 /* LaunchScreen.storyboard */ = {
			isa = PBXVariantGroup;
			children = (
				C1DF257D1EAEF58800666229 /* Base */,
			);
			name = LaunchScreen.storyboard;
			sourceTree = "<group>";
		};
/* End PBXVariantGroup section */

/* Begin XCBuildConfiguration section */
		C1DF258B1EAEF58800666229 /* Debug */ = {
			isa = XCBuildConfiguration;
			buildSettings = {
				ALWAYS_SEARCH_USER_PATHS = NO;
				CLANG_ANALYZER_NONNULL = YES;
				CLANG_ANALYZER_NUMBER_OBJECT_CONVERSION = YES_AGGRESSIVE;
				CLANG_CXX_LANGUAGE_STANDARD = "gnu++0x";
				CLANG_CXX_LIBRARY = "libc++";
				CLANG_ENABLE_MODULES = YES;
				CLANG_ENABLE_OBJC_ARC = YES;
				CLANG_WARN_BOOL_CONVERSION = YES;
				CLANG_WARN_CONSTANT_CONVERSION = YES;
				CLANG_WARN_DIRECT_OBJC_ISA_USAGE = YES_ERROR;
				CLANG_WARN_DOCUMENTATION_COMMENTS = YES;
				CLANG_WARN_EMPTY_BODY = YES;
				CLANG_WARN_ENUM_CONVERSION = YES;
				CLANG_WARN_INFINITE_RECURSION = YES;
				CLANG_WARN_INT_CONVERSION = YES;
				CLANG_WARN_OBJC_ROOT_CLASS = YES_ERROR;
				CLANG_WARN_SUSPICIOUS_MOVE = YES;
				CLANG_WARN_UNREACHABLE_CODE = YES;
				CLANG_WARN__DUPLICATE_METHOD_MATCH = YES;
				"CODE_SIGN_IDENTITY[sdk=iphoneos*]" = "iPhone Developer";
				COPY_PHASE_STRIP = NO;
				DEBUG_INFORMATION_FORMAT = dwarf;
				ENABLE_STRICT_OBJC_MSGSEND = YES;
				ENABLE_TESTABILITY = YES;
				GCC_C_LANGUAGE_STANDARD = gnu99;
				GCC_DYNAMIC_NO_PIC = NO;
				GCC_NO_COMMON_BLOCKS = YES;
				GCC_OPTIMIZATION_LEVEL = 0;
				GCC_PREPROCESSOR_DEFINITIONS = (
					"DEBUG=1",
					"$(inherited)",
				);
				GCC_WARN_64_TO_32_BIT_CONVERSION = YES;
				GCC_WARN_ABOUT_RETURN_TYPE = YES_ERROR;
				GCC_WARN_UNDECLARED_SELECTOR = YES;
				GCC_WARN_UNINITIALIZED_AUTOS = YES_AGGRESSIVE;
				GCC_WARN_UNUSED_FUNCTION = YES;
				GCC_WARN_UNUSED_VARIABLE = YES;
				IPHONEOS_DEPLOYMENT_TARGET = 10.3;
				MTL_ENABLE_DEBUG_INFO = YES;
				ONLY_ACTIVE_ARCH = YES;
				SDKROOT = iphoneos;
			};
			name = Debug;
		};
		C1DF258C1EAEF58800666229 /* Release */ = {
			isa = XCBuildConfiguration;
			buildSettings = {
				ALWAYS_SEARCH_USER_PATHS = NO;
				CLANG_ANALYZER_NONNULL = YES;
				CLANG_ANALYZER_NUMBER_OBJECT_CONVERSION = YES_AGGRESSIVE;
				CLANG_CXX_LANGUAGE_STANDARD = "gnu++0x";
				CLANG_CXX_LIBRARY = "libc++";
				CLANG_ENABLE_MODULES = YES;
				CLANG_ENABLE_OBJC_ARC = YES;
				CLANG_WARN_BOOL_CONVERSION = YES;
				CLANG_WARN_CONSTANT_CONVERSION = YES;
				CLANG_WARN_DIRECT_OBJC_ISA_USAGE = YES_ERROR;
				CLANG_WARN_DOCUMENTATION_COMMENTS = YES;
				CLANG_WARN_EMPTY_BODY = YES;
				CLANG_WARN_ENUM_CONVERSION = YES;
				CLANG_WARN_INFINITE_RECURSION = YES;
				CLANG_WARN_INT_CONVERSION = YES;
				CLANG_WARN_OBJC_ROOT_CLASS = YES_ERROR;
				CLANG_WARN_SUSPICIOUS_MOVE = YES;
				CLANG_WARN_UNREACHABLE_CODE = YES;
				CLANG_WARN__DUPLICATE_METHOD_MATCH = YES;
				"CODE_SIGN_IDENTITY[sdk=iphoneos*]" = "iPhone Developer";
				COPY_PHASE_STRIP = NO;
				DEBUG_INFORMATION_FORMAT = "dwarf-with-dsym";
				ENABLE_NS_ASSERTIONS = NO;
				ENABLE_STRICT_OBJC_MSGSEND = YES;
				GCC_C_LANGUAGE_STANDARD = gnu99;
				GCC_NO_COMMON_BLOCKS = YES;
				GCC_WARN_64_TO_32_BIT_CONVERSION = YES;
				GCC_WARN_ABOUT_RETURN_TYPE = YES_ERROR;
				GCC_WARN_UNDECLARED_SELECTOR = YES;
				GCC_WARN_UNINITIALIZED_AUTOS = YES_AGGRESSIVE;
				GCC_WARN_UNUSED_FUNCTION = YES;
				GCC_WARN_UNUSED_VARIABLE = YES;
				IPHONEOS_DEPLOYMENT_TARGET = 10.3;
				MTL_ENABLE_DEBUG_INFO = NO;
				SDKROOT = iphoneos;
				VALIDATE_PRODUCT = YES;
			};
			name = Release;
		};
		C1DF258E1EAEF58800666229 /* Debug */ = {
			isa = XCBuildConfiguration;
			baseConfigurationReference = CA1017E964E98F0288553331 /* Pods-CardReminder.debug.xcconfig */;
			buildSettings = {
				ASSETCATALOG_COMPILER_APPICON_NAME = AppIcon;
				DEVELOPMENT_TEAM = 79787S2JEP;
				GCC_PREFIX_HEADER = "$(SRCROOT)/CardReminder/CardReminder-Prefix.pch";
				INFOPLIST_FILE = CardReminder/Info.plist;
				LD_RUNPATH_SEARCH_PATHS = "$(inherited) @executable_path/Frameworks";
				PRODUCT_BUNDLE_IDENTIFIER = com.danny.CardReminder;
				PRODUCT_NAME = "$(TARGET_NAME)";
			};
			name = Debug;
		};
		C1DF258F1EAEF58800666229 /* Release */ = {
			isa = XCBuildConfiguration;
			baseConfigurationReference = 52A11B5E94B8174911BA6C0E /* Pods-CardReminder.release.xcconfig */;
			buildSettings = {
				ASSETCATALOG_COMPILER_APPICON_NAME = AppIcon;
				DEVELOPMENT_TEAM = 79787S2JEP;
				GCC_PREFIX_HEADER = "$(SRCROOT)/CardReminder/CardReminder-Prefix.pch";
				INFOPLIST_FILE = CardReminder/Info.plist;
				LD_RUNPATH_SEARCH_PATHS = "$(inherited) @executable_path/Frameworks";
				PRODUCT_BUNDLE_IDENTIFIER = com.danny.CardReminder;
				PRODUCT_NAME = "$(TARGET_NAME)";
			};
			name = Release;
		};
		C1DF25911EAEF58800666229 /* Debug */ = {
			isa = XCBuildConfiguration;
			baseConfigurationReference = 9A0F22C18426A4110658B808 /* Pods-CardReminderTests.debug.xcconfig */;
			buildSettings = {
				BUNDLE_LOADER = "$(TEST_HOST)";
				DEVELOPMENT_TEAM = 79787S2JEP;
				INFOPLIST_FILE = CardReminderTests/Info.plist;
				LD_RUNPATH_SEARCH_PATHS = "$(inherited) @executable_path/Frameworks @loader_path/Frameworks";
				PRODUCT_BUNDLE_IDENTIFIER = com.danny.CardReminderTests;
				PRODUCT_NAME = "$(TARGET_NAME)";
				TEST_HOST = "$(BUILT_PRODUCTS_DIR)/CardReminder.app/CardReminder";
			};
			name = Debug;
		};
		C1DF25921EAEF58800666229 /* Release */ = {
			isa = XCBuildConfiguration;
			baseConfigurationReference = ABA7006ED145F6ACBBE90734 /* Pods-CardReminderTests.release.xcconfig */;
			buildSettings = {
				BUNDLE_LOADER = "$(TEST_HOST)";
				DEVELOPMENT_TEAM = 79787S2JEP;
				INFOPLIST_FILE = CardReminderTests/Info.plist;
				LD_RUNPATH_SEARCH_PATHS = "$(inherited) @executable_path/Frameworks @loader_path/Frameworks";
				PRODUCT_BUNDLE_IDENTIFIER = com.danny.CardReminderTests;
				PRODUCT_NAME = "$(TARGET_NAME)";
				TEST_HOST = "$(BUILT_PRODUCTS_DIR)/CardReminder.app/CardReminder";
			};
			name = Release;
		};
/* End XCBuildConfiguration section */

/* Begin XCConfigurationList section */
		C1DF25631EAEF58800666229 /* Build configuration list for PBXProject "CardReminder" */ = {
			isa = XCConfigurationList;
			buildConfigurations = (
				C1DF258B1EAEF58800666229 /* Debug */,
				C1DF258C1EAEF58800666229 /* Release */,
			);
			defaultConfigurationIsVisible = 0;
			defaultConfigurationName = Release;
		};
		C1DF258D1EAEF58800666229 /* Build configuration list for PBXNativeTarget "CardReminder" */ = {
			isa = XCConfigurationList;
			buildConfigurations = (
				C1DF258E1EAEF58800666229 /* Debug */,
				C1DF258F1EAEF58800666229 /* Release */,
			);
			defaultConfigurationIsVisible = 0;
			defaultConfigurationName = Release;
		};
		C1DF25901EAEF58800666229 /* Build configuration list for PBXNativeTarget "CardReminderTests" */ = {
			isa = XCConfigurationList;
			buildConfigurations = (
				C1DF25911EAEF58800666229 /* Debug */,
				C1DF25921EAEF58800666229 /* Release */,
			);
			defaultConfigurationIsVisible = 0;
			defaultConfigurationName = Release;
		};
/* End XCConfigurationList section */
	};
	rootObject = C1DF25601EAEF58800666229 /* Project object */;
}
